
Microsoft Visual Studio Solution File, Format Version 12.00
# Visual Studio Version 16
VisualStudioVersion = 16.0.29306.81
MinimumVisualStudioVersion = 10.0.40219.1
Project("{8BC9CEB8-8B4A-11D0-8D11-00A0C91BC942}") = "P20", "P20\P20.vcxproj", "{9CB24E27-9D0A-44F8-8FB7-8879404004A1}"
EndProject
Global
	GlobalSection(SolutionConfigurationPlatforms) = preSolution
		Debug|x64 = Debug|x64
		Debug|x86 = Debug|x86
		Release|x64 = Release|x64
		Release|x86 = Release|x86
	EndGlobalSection
	GlobalSection(ProjectConfigurationPlatforms) = postSolution
		{9CB24E27-9D0A-44F8-8FB7-8879404004A1}.Debug|x64.ActiveCfg = Debug|x64
		{9CB24E27-9D0A-44F8-8FB7-8879404004A1}.Debug|x64.Build.0 = Debug|x64
		{9CB24E27-9D0A-44F8-8FB7-8879404004A1}.Debug|x86.ActiveCfg = Debug|Win32
		{9CB24E27-9D0A-44F8-8FB7-8879404004A1}.Debug|x86.Build.0 = Debug|Win32
		{9CB24E27-9D0A-44F8-8FB7-8879404004A1}.Release|x64.ActiveCfg = Release|x64
		{9CB24E27-9D0A-44F8-8FB7-8879404004A1}.Release|x64.Build.0 = Release|x64
		{9CB24E27-9D0A-44F8-8FB7-8879404004A1}.Release|x86.ActiveCfg = Release|Win32
		{9CB24E27-9D0A-44F8-8FB7-8879404004A1}.Release|x86.Build.0 = Release|Win32
	EndGlobalSection
	GlobalSection(SolutionProperties) = preSolution
		HideSolutionNode = FALSE
	EndGlobalSection
	GlobalSection(ExtensibilityGlobals) = postSolution
		SolutionGuid = {4A58CCB4-E8D2-435A-A919-31E22F407F40}
	EndGlobalSection
EndGlobal
