
Microsoft Visual Studio Solution File, Format Version 12.00
# Visual Studio 15
VisualStudioVersion = 15.0.28307.757
MinimumVisualStudioVersion = 10.0.40219.1
Project("{8BC9CEB8-8B4A-11D0-8D11-00A0C91BC942}") = "Lab2-2", "Lab2-2\Lab2-2.vcxproj", "{1D8DB974-E3ED-4DE5-9A73-A18E69C0FCBA}"
EndProject
Global
	GlobalSection(SolutionConfigurationPlatforms) = preSolution
		Debug|x64 = Debug|x64
		Debug|x86 = Debug|x86
		Release|x64 = Release|x64
		Release|x86 = Release|x86
	EndGlobalSection
	GlobalSection(ProjectConfigurationPlatforms) = postSolution
		{1D8DB974-E3ED-4DE5-9A73-A18E69C0FCBA}.Debug|x64.ActiveCfg = Debug|x64
		{1D8DB974-E3ED-4DE5-9A73-A18E69C0FCBA}.Debug|x64.Build.0 = Debug|x64
		{1D8DB974-E3ED-4DE5-9A73-A18E69C0FCBA}.Debug|x86.ActiveCfg = Debug|Win32
		{1D8DB974-E3ED-4DE5-9A73-A18E69C0FCBA}.Debug|x86.Build.0 = Debug|Win32
		{1D8DB974-E3ED-4DE5-9A73-A18E69C0FCBA}.Release|x64.ActiveCfg = Release|x64
		{1D8DB974-E3ED-4DE5-9A73-A18E69C0FCBA}.Release|x64.Build.0 = Release|x64
		{1D8DB974-E3ED-4DE5-9A73-A18E69C0FCBA}.Release|x86.ActiveCfg = Release|Win32
		{1D8DB974-E3ED-4DE5-9A73-A18E69C0FCBA}.Release|x86.Build.0 = Release|Win32
	EndGlobalSection
	GlobalSection(SolutionProperties) = preSolution
		HideSolutionNode = FALSE
	EndGlobalSection
	GlobalSection(ExtensibilityGlobals) = postSolution
		SolutionGuid = {EDC7A128-DEC4-4453-8EBE-80020C5DFD48}
	EndGlobalSection
EndGlobal
